
Microsoft Visual Studio Solution File, Format Version 12.00
# Visual Studio 15
Project("{FAE04EC0-301F-11D3-BF4B-00C04F79EFBC}") = "Meta.WitAi.Conduit", "Meta.WitAi.Conduit.csproj", "{AA44756B-E0E3-D6CC-A618-08738B301AD3}"
EndProject
Project("{FAE04EC0-301F-11D3-BF4B-00C04F79EFBC}") = "Oculus.VR", "Oculus.VR.csproj", "{E0B9BA39-8062-4E9C-5A0E-D3BD8FD4A205}"
EndProject
Project("{FAE04EC0-301F-11D3-BF4B-00C04F79EFBC}") = "Oculus.Interaction", "Oculus.Interaction.csproj", "{C25AAC2D-CE32-2657-D29E-26EC10A6D278}"
EndProject
Project("{FAE04EC0-301F-11D3-BF4B-00C04F79EFBC}") = "Oculus.Interaction.Editor", "Oculus.Interaction.Editor.csproj", "{38B3A290-F865-5ADE-E25C-EEC9191EE426}"
EndProject
Project("{FAE04EC0-301F-11D3-BF4B-00C04F79EFBC}") = "Oculus.Platform", "Oculus.Platform.csproj", "{5EF86EC0-DAC0-F605-2D61-C6DF23D5F5FA}"
EndProject
Project("{FAE04EC0-301F-11D3-BF4B-00C04F79EFBC}") = "VoiceSDK.Telemetry", "VoiceSDK.Telemetry.csproj", "{585E3898-B299-16CE-A537-48007E53B011}"
EndProject
Project("{FAE04EC0-301F-11D3-BF4B-00C04F79EFBC}") = "Assembly-CSharp", "Assembly-CSharp.csproj", "{0CB2751D-6666-9459-F14E-B38876E4021F}"
EndProject
Project("{FAE04EC0-301F-11D3-BF4B-00C04F79EFBC}") = "Oculus.Interaction.OVR.Samples", "Oculus.Interaction.OVR.Samples.csproj", "{E2FA190D-51F9-4C5E-387B-5D2B5A5E224E}"
EndProject
Project("{FAE04EC0-301F-11D3-BF4B-00C04F79EFBC}") = "Meta.WitAi.Lib", "Meta.WitAi.Lib.csproj", "{3649F1C3-1095-D6AA-5ED0-E8C3CC43CAB7}"
EndProject
Project("{FAE04EC0-301F-11D3-BF4B-00C04F79EFBC}") = "Meta.WitAi.Editor", "Meta.WitAi.Editor.csproj", "{81564097-4760-2448-5A9E-327BD17C05AD}"
EndProject
Project("{FAE04EC0-301F-11D3-BF4B-00C04F79EFBC}") = "Meta.WitAi.Conduit.Editor", "Meta.WitAi.Conduit.Editor.csproj", "{6FC40E95-7897-7304-0D77-EFF790CEB274}"
EndProject
Project("{FAE04EC0-301F-11D3-BF4B-00C04F79EFBC}") = "Meta.WitAi", "Meta.WitAi.csproj", "{1812FF3B-2C74-1C90-C349-9E27F444C8F4}"
EndProject
Project("{FAE04EC0-301F-11D3-BF4B-00C04F79EFBC}") = "Oculus.VR.Editor", "Oculus.VR.Editor.csproj", "{D1739312-661F-1B7F-FD17-6FE8325B8CAF}"
EndProject
Project("{FAE04EC0-301F-11D3-BF4B-00C04F79EFBC}") = "Oculus.Interaction.OVR.Editor", "Oculus.Interaction.OVR.Editor.csproj", "{29185DFF-4F01-BCE4-3F72-918FFF1B2B81}"
EndProject
Project("{FAE04EC0-301F-11D3-BF4B-00C04F79EFBC}") = "Oculus.LipSync", "Oculus.LipSync.csproj", "{8FB93F59-A30F-0D71-D7AB-4B0C3AD807D9}"
EndProject
Project("{FAE04EC0-301F-11D3-BF4B-00C04F79EFBC}") = "Oculus.Interaction.OVR", "Oculus.Interaction.OVR.csproj", "{EABDC76B-5DF3-09C2-CA85-F82CB073FAAB}"
EndProject
Project("{FAE04EC0-301F-11D3-BF4B-00C04F79EFBC}") = "VoiceSDK.Editor", "VoiceSDK.Editor.csproj", "{936FF539-042D-713E-FB6D-FF0FD4775F60}"
EndProject
Project("{FAE04EC0-301F-11D3-BF4B-00C04F79EFBC}") = "Meta.WitAI.Lib.Editor", "Meta.WitAI.Lib.Editor.csproj", "{D420B49A-06AE-5206-3FEA-61C39053A6AC}"
EndProject
Project("{FAE04EC0-301F-11D3-BF4B-00C04F79EFBC}") = "Oculus.AudioManager", "Oculus.AudioManager.csproj", "{ED0CE23F-6BA0-523B-EA14-3DBE6191C635}"
EndProject
Project("{FAE04EC0-301F-11D3-BF4B-00C04F79EFBC}") = "Meta.Voice.Samples.BuiltInTimer", "Meta.Voice.Samples.BuiltInTimer.csproj", "{F7CDDE35-6E89-351D-F4B4-F78CF416056B}"
EndProject
Project("{FAE04EC0-301F-11D3-BF4B-00C04F79EFBC}") = "Meta.XR.BuildingBlocks.Editor", "Meta.XR.BuildingBlocks.Editor.csproj", "{6889C27F-7847-3C74-6B6A-E610AD4D7EC7}"
EndProject
Project("{FAE04EC0-301F-11D3-BF4B-00C04F79EFBC}") = "Meta.Voice.VSDKHub.Editor", "Meta.Voice.VSDKHub.Editor.csproj", "{BAE66407-8EF3-A6DB-27BA-5D94D15CA431}"
EndProject
Project("{FAE04EC0-301F-11D3-BF4B-00C04F79EFBC}") = "VoiceSDK.Dictation.Runtime", "VoiceSDK.Dictation.Runtime.csproj", "{92FE768F-D7D0-8787-D2B7-EDF8E027886F}"
EndProject
Project("{FAE04EC0-301F-11D3-BF4B-00C04F79EFBC}") = "Meta.WitAi.TTS", "Meta.WitAi.TTS.csproj", "{BB5CECBD-0FFD-A596-204F-A2E2F0E4B267}"
EndProject
Project("{FAE04EC0-301F-11D3-BF4B-00C04F79EFBC}") = "AssistantCoreSDKRuntime", "AssistantCoreSDKRuntime.csproj", "{098A71BA-8589-FD56-1414-E1FB250936F5}"
EndProject
Project("{FAE04EC0-301F-11D3-BF4B-00C04F79EFBC}") = "Assembly-CSharp-Editor", "Assembly-CSharp-Editor.csproj", "{DCF74DF5-56ED-1F27-A521-59F7DB77833A}"
EndProject
Project("{FAE04EC0-301F-11D3-BF4B-00C04F79EFBC}") = "Meta.Voice.Samples.TTSVoices", "Meta.Voice.Samples.TTSVoices.csproj", "{9A860947-DB78-1396-5E54-D280177E9146}"
EndProject
Project("{FAE04EC0-301F-11D3-BF4B-00C04F79EFBC}") = "VoiceSDK.Runtime", "VoiceSDK.Runtime.csproj", "{243ED1F9-FF69-AC5F-165E-AF674004BDEF}"
EndProject
Project("{FAE04EC0-301F-11D3-BF4B-00C04F79EFBC}") = "Oculus.VR.Scripts.Editor", "Oculus.VR.Scripts.Editor.csproj", "{2A422F01-2292-B9E5-0ED0-C45AC5CC13DA}"
EndProject
Project("{FAE04EC0-301F-11D3-BF4B-00C04F79EFBC}") = "Meta.Voice.Samples.LightTraits", "Meta.Voice.Samples.LightTraits.csproj", "{6A714B66-5F2D-16E1-6D9A-7E07D1113E71}"
EndProject
Project("{FAE04EC0-301F-11D3-BF4B-00C04F79EFBC}") = "Meta.Voice.Hub.Editor", "Meta.Voice.Hub.Editor.csproj", "{6AA02309-13F0-F8CF-2F63-41CD2D7EC736}"
EndProject
Project("{FAE04EC0-301F-11D3-BF4B-00C04F79EFBC}") = "Oculus.Interaction.Samples.Editor", "Oculus.Interaction.Samples.Editor.csproj", "{8B1BCD0F-F74F-19CD-62C1-E77C251E3485}"
EndProject
Project("{FAE04EC0-301F-11D3-BF4B-00C04F79EFBC}") = "Meta.WitAi.TTS.Editor", "Meta.WitAi.TTS.Editor.csproj", "{C9DDFDC0-94BC-FFC7-BA31-719F97598E78}"
EndProject
Project("{FAE04EC0-301F-11D3-BF4B-00C04F79EFBC}") = "Meta.XR.BuildingBlocks", "Meta.XR.BuildingBlocks.csproj", "{2A17ED18-8465-A9ED-0CA0-6193EE6E524B}"
EndProject
Project("{FAE04EC0-301F-11D3-BF4B-00C04F79EFBC}") = "Oculus.Platform.Editor", "Oculus.Platform.Editor.csproj", "{6749CBD8-DAED-0488-9441-349DBFB1F6BA}"
EndProject
Project("{FAE04EC0-301F-11D3-BF4B-00C04F79EFBC}") = "Facebook.Wit.Dictation", "Facebook.Wit.Dictation.csproj", "{9849923F-9DA7-87C6-A232-8082A424ADEC}"
EndProject
Project("{FAE04EC0-301F-11D3-BF4B-00C04F79EFBC}") = "Oculus.Spatializer.Editor", "Oculus.Spatializer.Editor.csproj", "{3E65B34D-3FD9-6486-8B8E-32C0C71966A6}"
EndProject
Project("{FAE04EC0-301F-11D3-BF4B-00C04F79EFBC}") = "Oculus.LipSync.Editor", "Oculus.LipSync.Editor.csproj", "{B49DA761-49DD-5DA6-138E-5C116CB00409}"
EndProject
Project("{FAE04EC0-301F-11D3-BF4B-00C04F79EFBC}") = "Oculus.AudioManager.Utils.Editor", "Oculus.AudioManager.Utils.Editor.csproj", "{8132DD91-126D-3A77-38CF-3C2720659BF9}"
EndProject
Project("{FAE04EC0-301F-11D3-BF4B-00C04F79EFBC}") = "Meta.VoiceSDK.Mic.Common", "Meta.VoiceSDK.Mic.Common.csproj", "{0A143136-750B-4027-783B-EFA49F018F87}"
EndProject
Project("{FAE04EC0-301F-11D3-BF4B-00C04F79EFBC}") = "Meta.Voice.Samples.ShapesConduit", "Meta.Voice.Samples.ShapesConduit.csproj", "{CEA6FCC1-1C12-10C7-D5A6-8EF6016C5760}"
EndProject
Project("{FAE04EC0-301F-11D3-BF4B-00C04F79EFBC}") = "Oculus.Spatializer", "Oculus.Spatializer.csproj", "{25BC7075-BC9E-D182-9399-3529645420D2}"
EndProject
Project("{FAE04EC0-301F-11D3-BF4B-00C04F79EFBC}") = "Meta.VoiceSDK.Mic.Other", "Meta.VoiceSDK.Mic.Other.csproj", "{407D37DC-D766-6BC3-8805-CFF10DA5E5CD}"
EndProject
Project("{FAE04EC0-301F-11D3-BF4B-00C04F79EFBC}") = "Oculus.Interaction.InterfaceSupport", "Oculus.Interaction.InterfaceSupport.csproj", "{AF8F794A-336E-0AF8-38F7-ED9BB94DAE53}"
EndProject
Project("{FAE04EC0-301F-11D3-BF4B-00C04F79EFBC}") = "Oculus.AudioManager.Audio.Editor", "Oculus.AudioManager.Audio.Editor.csproj", "{7C79DEDF-8368-766D-5B16-918449BF0F61}"
EndProject
Project("{FAE04EC0-301F-11D3-BF4B-00C04F79EFBC}") = "Meta.Voice.Samples.LiveUnderstanding", "Meta.Voice.Samples.LiveUnderstanding.csproj", "{270CE8DF-C7EF-9825-8318-D5CEC058825B}"
EndProject
Project("{FAE04EC0-301F-11D3-BF4B-00C04F79EFBC}") = "VoiceSDK.Dictation.Editor", "VoiceSDK.Dictation.Editor.csproj", "{1A110F58-AC0E-9AD3-E923-9E6CB7239F86}"
EndProject
Project("{FAE04EC0-301F-11D3-BF4B-00C04F79EFBC}") = "AssistantCoreSDKEditor", "AssistantCoreSDKEditor.csproj", "{FFD9814C-EC0C-3962-7598-09701C2245BE}"
EndProject
Project("{FAE04EC0-301F-11D3-BF4B-00C04F79EFBC}") = "Meta.VoiceSDK.Mic.WebGL", "Meta.VoiceSDK.Mic.WebGL.csproj", "{280A59DA-D95A-5DE6-E24F-A1991715C47A}"
EndProject
Project("{FAE04EC0-301F-11D3-BF4B-00C04F79EFBC}") = "Meta.Voice.Hub.Runtime", "Meta.Voice.Hub.Runtime.csproj", "{EA8DD658-051C-8E56-CC15-745279B02D18}"
EndProject
Project("{FAE04EC0-301F-11D3-BF4B-00C04F79EFBC}") = "Meta.Voice.Samples.Chess", "Meta.Voice.Samples.Chess.csproj", "{49E18C9E-5B11-AC5D-BDF1-B7D4264D6B6A}"
EndProject
Project("{FAE04EC0-301F-11D3-BF4B-00C04F79EFBC}") = "Meta.Voice.Samples.Dictation", "Meta.Voice.Samples.Dictation.csproj", "{41AC08B3-62CD-84F0-FC5B-DED96DC83852}"
EndProject
Project("{FAE04EC0-301F-11D3-BF4B-00C04F79EFBC}") = "Meta.Voice.Samples.Shapes", "Meta.Voice.Samples.Shapes.csproj", "{4965007A-69A3-17AD-29F1-F7DE6718C113}"
EndProject
Project("{FAE04EC0-301F-11D3-BF4B-00C04F79EFBC}") = "Facebook.Wit.Dictation.Editor", "Facebook.Wit.Dictation.Editor.csproj", "{2971796B-4D00-6C9A-477B-7095EE6C5DDA}"
EndProject
Global
	GlobalSection(SolutionConfigurationPlatforms) = preSolution
		Debug|Any CPU = Debug|Any CPU
		Release|Any CPU = Release|Any CPU
	EndGlobalSection
	GlobalSection(ProjectConfigurationPlatforms) = postSolution
		{AA44756B-E0E3-D6CC-A618-08738B301AD3}.Debug|Any CPU.ActiveCfg = Debug|Any CPU
		{AA44756B-E0E3-D6CC-A618-08738B301AD3}.Debug|Any CPU.Build.0 = Debug|Any CPU
		{AA44756B-E0E3-D6CC-A618-08738B301AD3}.Release|Any CPU.ActiveCfg = Release|Any CPU
		{AA44756B-E0E3-D6CC-A618-08738B301AD3}.Release|Any CPU.Build.0 = Release|Any CPU
		{E0B9BA39-8062-4E9C-5A0E-D3BD8FD4A205}.Debug|Any CPU.ActiveCfg = Debug|Any CPU
		{E0B9BA39-8062-4E9C-5A0E-D3BD8FD4A205}.Debug|Any CPU.Build.0 = Debug|Any CPU
		{E0B9BA39-8062-4E9C-5A0E-D3BD8FD4A205}.Release|Any CPU.ActiveCfg = Release|Any CPU
		{E0B9BA39-8062-4E9C-5A0E-D3BD8FD4A205}.Release|Any CPU.Build.0 = Release|Any CPU
		{C25AAC2D-CE32-2657-D29E-26EC10A6D278}.Debug|Any CPU.ActiveCfg = Debug|Any CPU
		{C25AAC2D-CE32-2657-D29E-26EC10A6D278}.Debug|Any CPU.Build.0 = Debug|Any CPU
		{C25AAC2D-CE32-2657-D29E-26EC10A6D278}.Release|Any CPU.ActiveCfg = Release|Any CPU
		{C25AAC2D-CE32-2657-D29E-26EC10A6D278}.Release|Any CPU.Build.0 = Release|Any CPU
		{38B3A290-F865-5ADE-E25C-EEC9191EE426}.Debug|Any CPU.ActiveCfg = Debug|Any CPU
		{38B3A290-F865-5ADE-E25C-EEC9191EE426}.Debug|Any CPU.Build.0 = Debug|Any CPU
		{38B3A290-F865-5ADE-E25C-EEC9191EE426}.Release|Any CPU.ActiveCfg = Release|Any CPU
		{38B3A290-F865-5ADE-E25C-EEC9191EE426}.Release|Any CPU.Build.0 = Release|Any CPU
		{5EF86EC0-DAC0-F605-2D61-C6DF23D5F5FA}.Debug|Any CPU.ActiveCfg = Debug|Any CPU
		{5EF86EC0-DAC0-F605-2D61-C6DF23D5F5FA}.Debug|Any CPU.Build.0 = Debug|Any CPU
		{5EF86EC0-DAC0-F605-2D61-C6DF23D5F5FA}.Release|Any CPU.ActiveCfg = Release|Any CPU
		{5EF86EC0-DAC0-F605-2D61-C6DF23D5F5FA}.Release|Any CPU.Build.0 = Release|Any CPU
		{585E3898-B299-16CE-A537-48007E53B011}.Debug|Any CPU.ActiveCfg = Debug|Any CPU
		{585E3898-B299-16CE-A537-48007E53B011}.Debug|Any CPU.Build.0 = Debug|Any CPU
		{585E3898-B299-16CE-A537-48007E53B011}.Release|Any CPU.ActiveCfg = Release|Any CPU
		{585E3898-B299-16CE-A537-48007E53B011}.Release|Any CPU.Build.0 = Release|Any CPU
		{0CB2751D-6666-9459-F14E-B38876E4021F}.Debug|Any CPU.ActiveCfg = Debug|Any CPU
		{0CB2751D-6666-9459-F14E-B38876E4021F}.Debug|Any CPU.Build.0 = Debug|Any CPU
		{0CB2751D-6666-9459-F14E-B38876E4021F}.Release|Any CPU.ActiveCfg = Release|Any CPU
		{0CB2751D-6666-9459-F14E-B38876E4021F}.Release|Any CPU.Build.0 = Release|Any CPU
		{E2FA190D-51F9-4C5E-387B-5D2B5A5E224E}.Debug|Any CPU.ActiveCfg = Debug|Any CPU
		{E2FA190D-51F9-4C5E-387B-5D2B5A5E224E}.Debug|Any CPU.Build.0 = Debug|Any CPU
		{E2FA190D-51F9-4C5E-387B-5D2B5A5E224E}.Release|Any CPU.ActiveCfg = Release|Any CPU
		{E2FA190D-51F9-4C5E-387B-5D2B5A5E224E}.Release|Any CPU.Build.0 = Release|Any CPU
		{3649F1C3-1095-D6AA-5ED0-E8C3CC43CAB7}.Debug|Any CPU.ActiveCfg = Debug|Any CPU
		{3649F1C3-1095-D6AA-5ED0-E8C3CC43CAB7}.Debug|Any CPU.Build.0 = Debug|Any CPU
		{3649F1C3-1095-D6AA-5ED0-E8C3CC43CAB7}.Release|Any CPU.ActiveCfg = Release|Any CPU
		{3649F1C3-1095-D6AA-5ED0-E8C3CC43CAB7}.Release|Any CPU.Build.0 = Release|Any CPU
		{81564097-4760-2448-5A9E-327BD17C05AD}.Debug|Any CPU.ActiveCfg = Debug|Any CPU
		{81564097-4760-2448-5A9E-327BD17C05AD}.Debug|Any CPU.Build.0 = Debug|Any CPU
		{81564097-4760-2448-5A9E-327BD17C05AD}.Release|Any CPU.ActiveCfg = Release|Any CPU
		{81564097-4760-2448-5A9E-327BD17C05AD}.Release|Any CPU.Build.0 = Release|Any CPU
		{6FC40E95-7897-7304-0D77-EFF790CEB274}.Debug|Any CPU.ActiveCfg = Debug|Any CPU
		{6FC40E95-7897-7304-0D77-EFF790CEB274}.Debug|Any CPU.Build.0 = Debug|Any CPU
		{6FC40E95-7897-7304-0D77-EFF790CEB274}.Release|Any CPU.ActiveCfg = Release|Any CPU
		{6FC40E95-7897-7304-0D77-EFF790CEB274}.Release|Any CPU.Build.0 = Release|Any CPU
		{1812FF3B-2C74-1C90-C349-9E27F444C8F4}.Debug|Any CPU.ActiveCfg = Debug|Any CPU
		{1812FF3B-2C74-1C90-C349-9E27F444C8F4}.Debug|Any CPU.Build.0 = Debug|Any CPU
		{1812FF3B-2C74-1C90-C349-9E27F444C8F4}.Release|Any CPU.ActiveCfg = Release|Any CPU
		{1812FF3B-2C74-1C90-C349-9E27F444C8F4}.Release|Any CPU.Build.0 = Release|Any CPU
		{D1739312-661F-1B7F-FD17-6FE8325B8CAF}.Debug|Any CPU.ActiveCfg = Debug|Any CPU
		{D1739312-661F-1B7F-FD17-6FE8325B8CAF}.Debug|Any CPU.Build.0 = Debug|Any CPU
		{D1739312-661F-1B7F-FD17-6FE8325B8CAF}.Release|Any CPU.ActiveCfg = Release|Any CPU
		{D1739312-661F-1B7F-FD17-6FE8325B8CAF}.Release|Any CPU.Build.0 = Release|Any CPU
		{29185DFF-4F01-BCE4-3F72-918FFF1B2B81}.Debug|Any CPU.ActiveCfg = Debug|Any CPU
		{29185DFF-4F01-BCE4-3F72-918FFF1B2B81}.Debug|Any CPU.Build.0 = Debug|Any CPU
		{29185DFF-4F01-BCE4-3F72-918FFF1B2B81}.Release|Any CPU.ActiveCfg = Release|Any CPU
		{29185DFF-4F01-BCE4-3F72-918FFF1B2B81}.Release|Any CPU.Build.0 = Release|Any CPU
		{8FB93F59-A30F-0D71-D7AB-4B0C3AD807D9}.Debug|Any CPU.ActiveCfg = Debug|Any CPU
		{8FB93F59-A30F-0D71-D7AB-4B0C3AD807D9}.Debug|Any CPU.Build.0 = Debug|Any CPU
		{8FB93F59-A30F-0D71-D7AB-4B0C3AD807D9}.Release|Any CPU.ActiveCfg = Release|Any CPU
		{8FB93F59-A30F-0D71-D7AB-4B0C3AD807D9}.Release|Any CPU.Build.0 = Release|Any CPU
		{EABDC76B-5DF3-09C2-CA85-F82CB073FAAB}.Debug|Any CPU.ActiveCfg = Debug|Any CPU
		{EABDC76B-5DF3-09C2-CA85-F82CB073FAAB}.Debug|Any CPU.Build.0 = Debug|Any CPU
		{EABDC76B-5DF3-09C2-CA85-F82CB073FAAB}.Release|Any CPU.ActiveCfg = Release|Any CPU
		{EABDC76B-5DF3-09C2-CA85-F82CB073FAAB}.Release|Any CPU.Build.0 = Release|Any CPU
		{936FF539-042D-713E-FB6D-FF0FD4775F60}.Debug|Any CPU.ActiveCfg = Debug|Any CPU
		{936FF539-042D-713E-FB6D-FF0FD4775F60}.Debug|Any CPU.Build.0 = Debug|Any CPU
		{936FF539-042D-713E-FB6D-FF0FD4775F60}.Release|Any CPU.ActiveCfg = Release|Any CPU
		{936FF539-042D-713E-FB6D-FF0FD4775F60}.Release|Any CPU.Build.0 = Release|Any CPU
		{D420B49A-06AE-5206-3FEA-61C39053A6AC}.Debug|Any CPU.ActiveCfg = Debug|Any CPU
		{D420B49A-06AE-5206-3FEA-61C39053A6AC}.Debug|Any CPU.Build.0 = Debug|Any CPU
		{D420B49A-06AE-5206-3FEA-61C39053A6AC}.Release|Any CPU.ActiveCfg = Release|Any CPU
		{D420B49A-06AE-5206-3FEA-61C39053A6AC}.Release|Any CPU.Build.0 = Release|Any CPU
		{ED0CE23F-6BA0-523B-EA14-3DBE6191C635}.Debug|Any CPU.ActiveCfg = Debug|Any CPU
		{ED0CE23F-6BA0-523B-EA14-3DBE6191C635}.Debug|Any CPU.Build.0 = Debug|Any CPU
		{ED0CE23F-6BA0-523B-EA14-3DBE6191C635}.Release|Any CPU.ActiveCfg = Release|Any CPU
		{ED0CE23F-6BA0-523B-EA14-3DBE6191C635}.Release|Any CPU.Build.0 = Release|Any CPU
		{F7CDDE35-6E89-351D-F4B4-F78CF416056B}.Debug|Any CPU.ActiveCfg = Debug|Any CPU
		{F7CDDE35-6E89-351D-F4B4-F78CF416056B}.Debug|Any CPU.Build.0 = Debug|Any CPU
		{F7CDDE35-6E89-351D-F4B4-F78CF416056B}.Release|Any CPU.ActiveCfg = Release|Any CPU
		{F7CDDE35-6E89-351D-F4B4-F78CF416056B}.Release|Any CPU.Build.0 = Release|Any CPU
		{6889C27F-7847-3C74-6B6A-E610AD4D7EC7}.Debug|Any CPU.ActiveCfg = Debug|Any CPU
		{6889C27F-7847-3C74-6B6A-E610AD4D7EC7}.Debug|Any CPU.Build.0 = Debug|Any CPU
		{6889C27F-7847-3C74-6B6A-E610AD4D7EC7}.Release|Any CPU.ActiveCfg = Release|Any CPU
		{6889C27F-7847-3C74-6B6A-E610AD4D7EC7}.Release|Any CPU.Build.0 = Release|Any CPU
		{BAE66407-8EF3-A6DB-27BA-5D94D15CA431}.Debug|Any CPU.ActiveCfg = Debug|Any CPU
		{BAE66407-8EF3-A6DB-27BA-5D94D15CA431}.Debug|Any CPU.Build.0 = Debug|Any CPU
		{BAE66407-8EF3-A6DB-27BA-5D94D15CA431}.Release|Any CPU.ActiveCfg = Release|Any CPU
		{BAE66407-8EF3-A6DB-27BA-5D94D15CA431}.Release|Any CPU.Build.0 = Release|Any CPU
		{92FE768F-D7D0-8787-D2B7-EDF8E027886F}.Debug|Any CPU.ActiveCfg = Debug|Any CPU
		{92FE768F-D7D0-8787-D2B7-EDF8E027886F}.Debug|Any CPU.Build.0 = Debug|Any CPU
		{92FE768F-D7D0-8787-D2B7-EDF8E027886F}.Release|Any CPU.ActiveCfg = Release|Any CPU
		{92FE768F-D7D0-8787-D2B7-EDF8E027886F}.Release|Any CPU.Build.0 = Release|Any CPU
		{BB5CECBD-0FFD-A596-204F-A2E2F0E4B267}.Debug|Any CPU.ActiveCfg = Debug|Any CPU
		{BB5CECBD-0FFD-A596-204F-A2E2F0E4B267}.Debug|Any CPU.Build.0 = Debug|Any CPU
		{BB5CECBD-0FFD-A596-204F-A2E2F0E4B267}.Release|Any CPU.ActiveCfg = Release|Any CPU
		{BB5CECBD-0FFD-A596-204F-A2E2F0E4B267}.Release|Any CPU.Build.0 = Release|Any CPU
		{098A71BA-8589-FD56-1414-E1FB250936F5}.Debug|Any CPU.ActiveCfg = Debug|Any CPU
		{098A71BA-8589-FD56-1414-E1FB250936F5}.Debug|Any CPU.Build.0 = Debug|Any CPU
		{098A71BA-8589-FD56-1414-E1FB250936F5}.Release|Any CPU.ActiveCfg = Release|Any CPU
		{098A71BA-8589-FD56-1414-E1FB250936F5}.Release|Any CPU.Build.0 = Release|Any CPU
		{DCF74DF5-56ED-1F27-A521-59F7DB77833A}.Debug|Any CPU.ActiveCfg = Debug|Any CPU
		{DCF74DF5-56ED-1F27-A521-59F7DB77833A}.Debug|Any CPU.Build.0 = Debug|Any CPU
		{DCF74DF5-56ED-1F27-A521-59F7DB77833A}.Release|Any CPU.ActiveCfg = Release|Any CPU
		{DCF74DF5-56ED-1F27-A521-59F7DB77833A}.Release|Any CPU.Build.0 = Release|Any CPU
		{9A860947-DB78-1396-5E54-D280177E9146}.Debug|Any CPU.ActiveCfg = Debug|Any CPU
		{9A860947-DB78-1396-5E54-D280177E9146}.Debug|Any CPU.Build.0 = Debug|Any CPU
		{9A860947-DB78-1396-5E54-D280177E9146}.Release|Any CPU.ActiveCfg = Release|Any CPU
		{9A860947-DB78-1396-5E54-D280177E9146}.Release|Any CPU.Build.0 = Release|Any CPU
		{243ED1F9-FF69-AC5F-165E-AF674004BDEF}.Debug|Any CPU.ActiveCfg = Debug|Any CPU
		{243ED1F9-FF69-AC5F-165E-AF674004BDEF}.Debug|Any CPU.Build.0 = Debug|Any CPU
		{243ED1F9-FF69-AC5F-165E-AF674004BDEF}.Release|Any CPU.ActiveCfg = Release|Any CPU
		{243ED1F9-FF69-AC5F-165E-AF674004BDEF}.Release|Any CPU.Build.0 = Release|Any CPU
		{2A422F01-2292-B9E5-0ED0-C45AC5CC13DA}.Debug|Any CPU.ActiveCfg = Debug|Any CPU
		{2A422F01-2292-B9E5-0ED0-C45AC5CC13DA}.Debug|Any CPU.Build.0 = Debug|Any CPU
		{2A422F01-2292-B9E5-0ED0-C45AC5CC13DA}.Release|Any CPU.ActiveCfg = Release|Any CPU
		{2A422F01-2292-B9E5-0ED0-C45AC5CC13DA}.Release|Any CPU.Build.0 = Release|Any CPU
		{6A714B66-5F2D-16E1-6D9A-7E07D1113E71}.Debug|Any CPU.ActiveCfg = Debug|Any CPU
		{6A714B66-5F2D-16E1-6D9A-7E07D1113E71}.Debug|Any CPU.Build.0 = Debug|Any CPU
		{6A714B66-5F2D-16E1-6D9A-7E07D1113E71}.Release|Any CPU.ActiveCfg = Release|Any CPU
		{6A714B66-5F2D-16E1-6D9A-7E07D1113E71}.Release|Any CPU.Build.0 = Release|Any CPU
		{6AA02309-13F0-F8CF-2F63-41CD2D7EC736}.Debug|Any CPU.ActiveCfg = Debug|Any CPU
		{6AA02309-13F0-F8CF-2F63-41CD2D7EC736}.Debug|Any CPU.Build.0 = Debug|Any CPU
		{6AA02309-13F0-F8CF-2F63-41CD2D7EC736}.Release|Any CPU.ActiveCfg = Release|Any CPU
		{6AA02309-13F0-F8CF-2F63-41CD2D7EC736}.Release|Any CPU.Build.0 = Release|Any CPU
		{8B1BCD0F-F74F-19CD-62C1-E77C251E3485}.Debug|Any CPU.ActiveCfg = Debug|Any CPU
		{8B1BCD0F-F74F-19CD-62C1-E77C251E3485}.Debug|Any CPU.Build.0 = Debug|Any CPU
		{8B1BCD0F-F74F-19CD-62C1-E77C251E3485}.Release|Any CPU.ActiveCfg = Release|Any CPU
		{8B1BCD0F-F74F-19CD-62C1-E77C251E3485}.Release|Any CPU.Build.0 = Release|Any CPU
		{C9DDFDC0-94BC-FFC7-BA31-719F97598E78}.Debug|Any CPU.ActiveCfg = Debug|Any CPU
		{C9DDFDC0-94BC-FFC7-BA31-719F97598E78}.Debug|Any CPU.Build.0 = Debug|Any CPU
		{C9DDFDC0-94BC-FFC7-BA31-719F97598E78}.Release|Any CPU.ActiveCfg = Release|Any CPU
		{C9DDFDC0-94BC-FFC7-BA31-719F97598E78}.Release|Any CPU.Build.0 = Release|Any CPU
		{2A17ED18-8465-A9ED-0CA0-6193EE6E524B}.Debug|Any CPU.ActiveCfg = Debug|Any CPU
		{2A17ED18-8465-A9ED-0CA0-6193EE6E524B}.Debug|Any CPU.Build.0 = Debug|Any CPU
		{2A17ED18-8465-A9ED-0CA0-6193EE6E524B}.Release|Any CPU.ActiveCfg = Release|Any CPU
		{2A17ED18-8465-A9ED-0CA0-6193EE6E524B}.Release|Any CPU.Build.0 = Release|Any CPU
		{6749CBD8-DAED-0488-9441-349DBFB1F6BA}.Debug|Any CPU.ActiveCfg = Debug|Any CPU
		{6749CBD8-DAED-0488-9441-349DBFB1F6BA}.Debug|Any CPU.Build.0 = Debug|Any CPU
		{6749CBD8-DAED-0488-9441-349DBFB1F6BA}.Release|Any CPU.ActiveCfg = Release|Any CPU
		{6749CBD8-DAED-0488-9441-349DBFB1F6BA}.Release|Any CPU.Build.0 = Release|Any CPU
		{9849923F-9DA7-87C6-A232-8082A424ADEC}.Debug|Any CPU.ActiveCfg = Debug|Any CPU
		{9849923F-9DA7-87C6-A232-8082A424ADEC}.Debug|Any CPU.Build.0 = Debug|Any CPU
		{9849923F-9DA7-87C6-A232-8082A424ADEC}.Release|Any CPU.ActiveCfg = Release|Any CPU
		{9849923F-9DA7-87C6-A232-8082A424ADEC}.Release|Any CPU.Build.0 = Release|Any CPU
		{3E65B34D-3FD9-6486-8B8E-32C0C71966A6}.Debug|Any CPU.ActiveCfg = Debug|Any CPU
		{3E65B34D-3FD9-6486-8B8E-32C0C71966A6}.Debug|Any CPU.Build.0 = Debug|Any CPU
		{3E65B34D-3FD9-6486-8B8E-32C0C71966A6}.Release|Any CPU.ActiveCfg = Release|Any CPU
		{3E65B34D-3FD9-6486-8B8E-32C0C71966A6}.Release|Any CPU.Build.0 = Release|Any CPU
		{B49DA761-49DD-5DA6-138E-5C116CB00409}.Debug|Any CPU.ActiveCfg = Debug|Any CPU
		{B49DA761-49DD-5DA6-138E-5C116CB00409}.Debug|Any CPU.Build.0 = Debug|Any CPU
		{B49DA761-49DD-5DA6-138E-5C116CB00409}.Release|Any CPU.ActiveCfg = Release|Any CPU
		{B49DA761-49DD-5DA6-138E-5C116CB00409}.Release|Any CPU.Build.0 = Release|Any CPU
		{8132DD91-126D-3A77-38CF-3C2720659BF9}.Debug|Any CPU.ActiveCfg = Debug|Any CPU
		{8132DD91-126D-3A77-38CF-3C2720659BF9}.Debug|Any CPU.Build.0 = Debug|Any CPU
		{8132DD91-126D-3A77-38CF-3C2720659BF9}.Release|Any CPU.ActiveCfg = Release|Any CPU
		{8132DD91-126D-3A77-38CF-3C2720659BF9}.Release|Any CPU.Build.0 = Release|Any CPU
		{0A143136-750B-4027-783B-EFA49F018F87}.Debug|Any CPU.ActiveCfg = Debug|Any CPU
		{0A143136-750B-4027-783B-EFA49F018F87}.Debug|Any CPU.Build.0 = Debug|Any CPU
		{0A143136-750B-4027-783B-EFA49F018F87}.Release|Any CPU.ActiveCfg = Release|Any CPU
		{0A143136-750B-4027-783B-EFA49F018F87}.Release|Any CPU.Build.0 = Release|Any CPU
		{CEA6FCC1-1C12-10C7-D5A6-8EF6016C5760}.Debug|Any CPU.ActiveCfg = Debug|Any CPU
		{CEA6FCC1-1C12-10C7-D5A6-8EF6016C5760}.Debug|Any CPU.Build.0 = Debug|Any CPU
		{CEA6FCC1-1C12-10C7-D5A6-8EF6016C5760}.Release|Any CPU.ActiveCfg = Release|Any CPU
		{CEA6FCC1-1C12-10C7-D5A6-8EF6016C5760}.Release|Any CPU.Build.0 = Release|Any CPU
		{25BC7075-BC9E-D182-9399-3529645420D2}.Debug|Any CPU.ActiveCfg = Debug|Any CPU
		{25BC7075-BC9E-D182-9399-3529645420D2}.Debug|Any CPU.Build.0 = Debug|Any CPU
		{25BC7075-BC9E-D182-9399-3529645420D2}.Release|Any CPU.ActiveCfg = Release|Any CPU
		{25BC7075-BC9E-D182-9399-3529645420D2}.Release|Any CPU.Build.0 = Release|Any CPU
		{407D37DC-D766-6BC3-8805-CFF10DA5E5CD}.Debug|Any CPU.ActiveCfg = Debug|Any CPU
		{407D37DC-D766-6BC3-8805-CFF10DA5E5CD}.Debug|Any CPU.Build.0 = Debug|Any CPU
		{407D37DC-D766-6BC3-8805-CFF10DA5E5CD}.Release|Any CPU.ActiveCfg = Release|Any CPU
		{407D37DC-D766-6BC3-8805-CFF10DA5E5CD}.Release|Any CPU.Build.0 = Release|Any CPU
		{AF8F794A-336E-0AF8-38F7-ED9BB94DAE53}.Debug|Any CPU.ActiveCfg = Debug|Any CPU
		{AF8F794A-336E-0AF8-38F7-ED9BB94DAE53}.Debug|Any CPU.Build.0 = Debug|Any CPU
		{AF8F794A-336E-0AF8-38F7-ED9BB94DAE53}.Release|Any CPU.ActiveCfg = Release|Any CPU
		{AF8F794A-336E-0AF8-38F7-ED9BB94DAE53}.Release|Any CPU.Build.0 = Release|Any CPU
		{7C79DEDF-8368-766D-5B16-918449BF0F61}.Debug|Any CPU.ActiveCfg = Debug|Any CPU
		{7C79DEDF-8368-766D-5B16-918449BF0F61}.Debug|Any CPU.Build.0 = Debug|Any CPU
		{7C79DEDF-8368-766D-5B16-918449BF0F61}.Release|Any CPU.ActiveCfg = Release|Any CPU
		{7C79DEDF-8368-766D-5B16-918449BF0F61}.Release|Any CPU.Build.0 = Release|Any CPU
		{270CE8DF-C7EF-9825-8318-D5CEC058825B}.Debug|Any CPU.ActiveCfg = Debug|Any CPU
		{270CE8DF-C7EF-9825-8318-D5CEC058825B}.Debug|Any CPU.Build.0 = Debug|Any CPU
		{270CE8DF-C7EF-9825-8318-D5CEC058825B}.Release|Any CPU.ActiveCfg = Release|Any CPU
		{270CE8DF-C7EF-9825-8318-D5CEC058825B}.Release|Any CPU.Build.0 = Release|Any CPU
		{1A110F58-AC0E-9AD3-E923-9E6CB7239F86}.Debug|Any CPU.ActiveCfg = Debug|Any CPU
		{1A110F58-AC0E-9AD3-E923-9E6CB7239F86}.Debug|Any CPU.Build.0 = Debug|Any CPU
		{1A110F58-AC0E-9AD3-E923-9E6CB7239F86}.Release|Any CPU.ActiveCfg = Release|Any CPU
		{1A110F58-AC0E-9AD3-E923-9E6CB7239F86}.Release|Any CPU.Build.0 = Release|Any CPU
		{FFD9814C-EC0C-3962-7598-09701C2245BE}.Debug|Any CPU.ActiveCfg = Debug|Any CPU
		{FFD9814C-EC0C-3962-7598-09701C2245BE}.Debug|Any CPU.Build.0 = Debug|Any CPU
		{FFD9814C-EC0C-3962-7598-09701C2245BE}.Release|Any CPU.ActiveCfg = Release|Any CPU
		{FFD9814C-EC0C-3962-7598-09701C2245BE}.Release|Any CPU.Build.0 = Release|Any CPU
		{280A59DA-D95A-5DE6-E24F-A1991715C47A}.Debug|Any CPU.ActiveCfg = Debug|Any CPU
		{280A59DA-D95A-5DE6-E24F-A1991715C47A}.Debug|Any CPU.Build.0 = Debug|Any CPU
		{280A59DA-D95A-5DE6-E24F-A1991715C47A}.Release|Any CPU.ActiveCfg = Release|Any CPU
		{280A59DA-D95A-5DE6-E24F-A1991715C47A}.Release|Any CPU.Build.0 = Release|Any CPU
		{EA8DD658-051C-8E56-CC15-745279B02D18}.Debug|Any CPU.ActiveCfg = Debug|Any CPU
		{EA8DD658-051C-8E56-CC15-745279B02D18}.Debug|Any CPU.Build.0 = Debug|Any CPU
		{EA8DD658-051C-8E56-CC15-745279B02D18}.Release|Any CPU.ActiveCfg = Release|Any CPU
		{EA8DD658-051C-8E56-CC15-745279B02D18}.Release|Any CPU.Build.0 = Release|Any CPU
		{49E18C9E-5B11-AC5D-BDF1-B7D4264D6B6A}.Debug|Any CPU.ActiveCfg = Debug|Any CPU
		{49E18C9E-5B11-AC5D-BDF1-B7D4264D6B6A}.Debug|Any CPU.Build.0 = Debug|Any CPU
		{49E18C9E-5B11-AC5D-BDF1-B7D4264D6B6A}.Release|Any CPU.ActiveCfg = Release|Any CPU
		{49E18C9E-5B11-AC5D-BDF1-B7D4264D6B6A}.Release|Any CPU.Build.0 = Release|Any CPU
		{41AC08B3-62CD-84F0-FC5B-DED96DC83852}.Debug|Any CPU.ActiveCfg = Debug|Any CPU
		{41AC08B3-62CD-84F0-FC5B-DED96DC83852}.Debug|Any CPU.Build.0 = Debug|Any CPU
		{41AC08B3-62CD-84F0-FC5B-DED96DC83852}.Release|Any CPU.ActiveCfg = Release|Any CPU
		{41AC08B3-62CD-84F0-FC5B-DED96DC83852}.Release|Any CPU.Build.0 = Release|Any CPU
		{4965007A-69A3-17AD-29F1-F7DE6718C113}.Debug|Any CPU.ActiveCfg = Debug|Any CPU
		{4965007A-69A3-17AD-29F1-F7DE6718C113}.Debug|Any CPU.Build.0 = Debug|Any CPU
		{4965007A-69A3-17AD-29F1-F7DE6718C113}.Release|Any CPU.ActiveCfg = Release|Any CPU
		{4965007A-69A3-17AD-29F1-F7DE6718C113}.Release|Any CPU.Build.0 = Release|Any CPU
		{2971796B-4D00-6C9A-477B-7095EE6C5DDA}.Debug|Any CPU.ActiveCfg = Debug|Any CPU
		{2971796B-4D00-6C9A-477B-7095EE6C5DDA}.Debug|Any CPU.Build.0 = Debug|Any CPU
		{2971796B-4D00-6C9A-477B-7095EE6C5DDA}.Release|Any CPU.ActiveCfg = Release|Any CPU
		{2971796B-4D00-6C9A-477B-7095EE6C5DDA}.Release|Any CPU.Build.0 = Release|Any CPU
	EndGlobalSection
	GlobalSection(SolutionProperties) = preSolution
		HideSolutionNode = FALSE
	EndGlobalSection
EndGlobal
